// !$*UTF8*$!
{
	archiveVersion = 1;
	classes = {
	};
	objectVersion = 55;
	objects = {

/* Begin PBXBuildFile section */
		3001D4A929BF336600F36F89 /* TalkView.swift in Sources */ = {isa = PBXBuildFile; fileRef = 3001D4A829BF336600F36F89 /* TalkView.swift */; };
		3001D4AB29BF343F00F36F89 /* TalkViewController.swift in Sources */ = {isa = PBXBuildFile; fileRef = 3001D4AA29BF343F00F36F89 /* TalkViewController.swift */; };
		3001D4B129BF5EC800F36F89 /* CharacterImageModel.swift in Sources */ = {isa = PBXBuildFile; fileRef = 3001D4B029BF5EC800F36F89 /* CharacterImageModel.swift */; };
		304724D129BB36CA0092FBA8 /* AppDelegate.swift in Sources */ = {isa = PBXBuildFile; fileRef = 304724D029BB36CA0092FBA8 /* AppDelegate.swift */; };
		304724D329BB36CA0092FBA8 /* SceneDelegate.swift in Sources */ = {isa = PBXBuildFile; fileRef = 304724D229BB36CA0092FBA8 /* SceneDelegate.swift */; };
		304724D529BB36CA0092FBA8 /* ViewController.swift in Sources */ = {isa = PBXBuildFile; fileRef = 304724D429BB36CA0092FBA8 /* ViewController.swift */; };
		304724DA29BB36CB0092FBA8 /* Assets.xcassets in Resources */ = {isa = PBXBuildFile; fileRef = 304724D929BB36CB0092FBA8 /* Assets.xcassets */; };
		304724DD29BB36CB0092FBA8 /* LaunchScreen.storyboard in Resources */ = {isa = PBXBuildFile; fileRef = 304724DB29BB36CB0092FBA8 /* LaunchScreen.storyboard */; };
		304724E829BB38560092FBA8 /* MainView.swift in Sources */ = {isa = PBXBuildFile; fileRef = 304724E729BB38560092FBA8 /* MainView.swift */; };
		3059CBAE29BF62E30026B964 /* TalkTableViewCell.swift in Sources */ = {isa = PBXBuildFile; fileRef = 3059CBAD29BF62E30026B964 /* TalkTableViewCell.swift */; };
		3082F95E29C0AB5500854442 /* TalkChatView.swift in Sources */ = {isa = PBXBuildFile; fileRef = 3082F95D29C0AB5500854442 /* TalkChatView.swift */; };
		309939BE29C0A97D008AA8AA /* TalkChatViewController.swift in Sources */ = {isa = PBXBuildFile; fileRef = 309939BD29C0A97D008AA8AA /* TalkChatViewController.swift */; };
/* End PBXBuildFile section */

/* Begin PBXFileReference section */
		3001D4A829BF336600F36F89 /* TalkView.swift */ = {isa = PBXFileReference; lastKnownFileType = sourcecode.swift; path = TalkView.swift; sourceTree = "<group>"; };
		3001D4AA29BF343F00F36F89 /* TalkViewController.swift */ = {isa = PBXFileReference; lastKnownFileType = sourcecode.swift; path = TalkViewController.swift; sourceTree = "<group>"; };
		3001D4B029BF5EC800F36F89 /* CharacterImageModel.swift */ = {isa = PBXFileReference; lastKnownFileType = sourcecode.swift; path = CharacterImageModel.swift; sourceTree = "<group>"; };
		304724CD29BB36CA0092FBA8 /* AI Girlfriend.app */ = {isa = PBXFileReference; explicitFileType = wrapper.application; includeInIndex = 0; path = "AI Girlfriend.app"; sourceTree = BUILT_PRODUCTS_DIR; };
		304724D029BB36CA0092FBA8 /* AppDelegate.swift */ = {isa = PBXFileReference; lastKnownFileType = sourcecode.swift; path = AppDelegate.swift; sourceTree = "<group>"; };
		304724D229BB36CA0092FBA8 /* SceneDelegate.swift */ = {isa = PBXFileReference; lastKnownFileType = sourcecode.swift; path = SceneDelegate.swift; sourceTree = "<group>"; };
		304724D429BB36CA0092FBA8 /* ViewController.swift */ = {isa = PBXFileReference; lastKnownFileType = sourcecode.swift; path = ViewController.swift; sourceTree = "<group>"; };
		304724D929BB36CB0092FBA8 /* Assets.xcassets */ = {isa = PBXFileReference; lastKnownFileType = folder.assetcatalog; path = Assets.xcassets; sourceTree = "<group>"; };
		304724DC29BB36CB0092FBA8 /* Base */ = {isa = PBXFileReference; lastKnownFileType = file.storyboard; name = Base; path = Base.lproj/LaunchScreen.storyboard; sourceTree = "<group>"; };
		304724DE29BB36CB0092FBA8 /* Info.plist */ = {isa = PBXFileReference; lastKnownFileType = text.plist.xml; path = Info.plist; sourceTree = "<group>"; };
		304724E729BB38560092FBA8 /* MainView.swift */ = {isa = PBXFileReference; lastKnownFileType = sourcecode.swift; path = MainView.swift; sourceTree = "<group>"; };
		3059CBAD29BF62E30026B964 /* TalkTableViewCell.swift */ = {isa = PBXFileReference; lastKnownFileType = sourcecode.swift; path = TalkTableViewCell.swift; sourceTree = "<group>"; };
		3082F95D29C0AB5500854442 /* TalkChatView.swift */ = {isa = PBXFileReference; lastKnownFileType = sourcecode.swift; path = TalkChatView.swift; sourceTree = "<group>"; };
		309939BD29C0A97D008AA8AA /* TalkChatViewController.swift */ = {isa = PBXFileReference; lastKnownFileType = sourcecode.swift; path = TalkChatViewController.swift; sourceTree = "<group>"; };
/* End PBXFileReference section */

/* Begin PBXFrameworksBuildPhase section */
		304724CA29BB36CA0092FBA8 /* Frameworks */ = {
			isa = PBXFrameworksBuildPhase;
			buildActionMask = 2147483647;
			files = (
			);
			runOnlyForDeploymentPostprocessing = 0;
		};
/* End PBXFrameworksBuildPhase section */

/* Begin PBXGroup section */
		304724C429BB36CA0092FBA8 = {
			isa = PBXGroup;
			children = (
				304724CF29BB36CA0092FBA8 /* AI Girlfriend */,
				304724CE29BB36CA0092FBA8 /* Products */,
			);
			sourceTree = "<group>";
		};
		304724CE29BB36CA0092FBA8 /* Products */ = {
			isa = PBXGroup;
			children = (
				304724CD29BB36CA0092FBA8 /* AI Girlfriend.app */,
			);
			name = Products;
			sourceTree = "<group>";
		};
		304724CF29BB36CA0092FBA8 /* AI Girlfriend */ = {
			isa = PBXGroup;
			children = (
				304724D029BB36CA0092FBA8 /* AppDelegate.swift */,
				304724D229BB36CA0092FBA8 /* SceneDelegate.swift */,
				304724E429BB38110092FBA8 /* Models */,
				304724E529BB381C0092FBA8 /* Views */,
				304724E629BB38280092FBA8 /* Controllers */,
				304724D929BB36CB0092FBA8 /* Assets.xcassets */,
				304724DB29BB36CB0092FBA8 /* LaunchScreen.storyboard */,
				304724DE29BB36CB0092FBA8 /* Info.plist */,
			);
			path = "AI Girlfriend";
			sourceTree = "<group>";
		};
		304724E429BB38110092FBA8 /* Models */ = {
			isa = PBXGroup;
			children = (
				3001D4B029BF5EC800F36F89 /* CharacterImageModel.swift */,
			);
			path = Models;
			sourceTree = "<group>";
		};
		304724E529BB381C0092FBA8 /* Views */ = {
			isa = PBXGroup;
			children = (
				304724E729BB38560092FBA8 /* MainView.swift */,
				3001D4A829BF336600F36F89 /* TalkView.swift */,
				3059CBAD29BF62E30026B964 /* TalkTableViewCell.swift */,
				3082F95D29C0AB5500854442 /* TalkChatView.swift */,
			);
			path = Views;
			sourceTree = "<group>";
		};
		304724E629BB38280092FBA8 /* Controllers */ = {
			isa = PBXGroup;
			children = (
				304724D429BB36CA0092FBA8 /* ViewController.swift */,
				3001D4AA29BF343F00F36F89 /* TalkViewController.swift */,
				309939BD29C0A97D008AA8AA /* TalkChatViewController.swift */,
			);
			path = Controllers;
			sourceTree = "<group>";
		};
/* End PBXGroup section */

/* Begin PBXNativeTarget section */
		304724CC29BB36CA0092FBA8 /* AI Girlfriend */ = {
			isa = PBXNativeTarget;
			buildConfigurationList = 304724E129BB36CB0092FBA8 /* Build configuration list for PBXNativeTarget "AI Girlfriend" */;
			buildPhases = (
				304724C929BB36CA0092FBA8 /* Sources */,
				304724CA29BB36CA0092FBA8 /* Frameworks */,
				304724CB29BB36CA0092FBA8 /* Resources */,
			);
			buildRules = (
			);
			dependencies = (
			);
			name = "AI Girlfriend";
			productName = "AI Girlfriend";
			productReference = 304724CD29BB36CA0092FBA8 /* AI Girlfriend.app */;
			productType = "com.apple.product-type.application";
		};
/* End PBXNativeTarget section */

/* Begin PBXProject section */
		304724C529BB36CA0092FBA8 /* Project object */ = {
			isa = PBXProject;
			attributes = {
				BuildIndependentTargetsInParallel = 1;
				LastSwiftUpdateCheck = 1420;
				LastUpgradeCheck = 1420;
				TargetAttributes = {
					304724CC29BB36CA0092FBA8 = {
						CreatedOnToolsVersion = 14.2;
					};
				};
			};
			buildConfigurationList = 304724C829BB36CA0092FBA8 /* Build configuration list for PBXProject "AI Girlfriend" */;
			compatibilityVersion = "Xcode 13.0";
			developmentRegion = en;
			hasScannedForEncodings = 0;
			knownRegions = (
				en,
				Base,
			);
			mainGroup = 304724C429BB36CA0092FBA8;
			productRefGroup = 304724CE29BB36CA0092FBA8 /* Products */;
			projectDirPath = "";
			projectRoot = "";
			targets = (
				304724CC29BB36CA0092FBA8 /* AI Girlfriend */,
			);
		};
/* End PBXProject section */

/* Begin PBXResourcesBuildPhase section */
		304724CB29BB36CA0092FBA8 /* Resources */ = {
			isa = PBXResourcesBuildPhase;
			buildActionMask = 2147483647;
			files = (
				304724DD29BB36CB0092FBA8 /* LaunchScreen.storyboard in Resources */,
				304724DA29BB36CB0092FBA8 /* Assets.xcassets in Resources */,
			);
			runOnlyForDeploymentPostprocessing = 0;
		};
/* End PBXResourcesBuildPhase section */

/* Begin PBXSourcesBuildPhase section */
		304724C929BB36CA0092FBA8 /* Sources */ = {
			isa = PBXSourcesBuildPhase;
			buildActionMask = 2147483647;
			files = (
				304724D529BB36CA0092FBA8 /* ViewController.swift in Sources */,
				3059CBAE29BF62E30026B964 /* TalkTableViewCell.swift in Sources */,
				304724E829BB38560092FBA8 /* MainView.swift in Sources */,
				304724D129BB36CA0092FBA8 /* AppDelegate.swift in Sources */,
				3001D4A929BF336600F36F89 /* TalkView.swift in Sources */,
				3001D4AB29BF343F00F36F89 /* TalkViewController.swift in Sources */,
				3001D4B129BF5EC800F36F89 /* CharacterImageModel.swift in Sources */,
				309939BE29C0A97D008AA8AA /* TalkChatViewController.swift in Sources */,
				3082F95E29C0AB5500854442 /* TalkChatView.swift in Sources */,
				304724D329BB36CA0092FBA8 /* SceneDelegate.swift in Sources */,
			);
			runOnlyForDeploymentPostprocessing = 0;
		};
/* End PBXSourcesBuildPhase section */

/* Begin PBXVariantGroup section */
		304724DB29BB36CB0092FBA8 /* LaunchScreen.storyboard */ = {
			isa = PBXVariantGroup;
			children = (
				304724DC29BB36CB0092FBA8 /* Base */,
			);
			name = LaunchScreen.storyboard;
			sourceTree = "<group>";
		};
/* End PBXVariantGroup section */

/* Begin XCBuildConfiguration section */
		304724DF29BB36CB0092FBA8 /* Debug */ = {
			isa = XCBuildConfiguration;
			buildSettings = {
				ALWAYS_SEARCH_USER_PATHS = NO;
				CLANG_ANALYZER_NONNULL = YES;
				CLANG_ANALYZER_NUMBER_OBJECT_CONVERSION = YES_AGGRESSIVE;
				CLANG_CXX_LANGUAGE_STANDARD = "gnu++20";
				CLANG_ENABLE_MODULES = YES;
				CLANG_ENABLE_OBJC_ARC = YES;
				CLANG_ENABLE_OBJC_WEAK = YES;
				CLANG_WARN_BLOCK_CAPTURE_AUTORELEASING = YES;
				CLANG_WARN_BOOL_CONVERSION = YES;
				CLANG_WARN_COMMA = YES;
				CLANG_WARN_CONSTANT_CONVERSION = YES;
				CLANG_WARN_DEPRECATED_OBJC_IMPLEMENTATIONS = YES;
				CLANG_WARN_DIRECT_OBJC_ISA_USAGE = YES_ERROR;
				CLANG_WARN_DOCUMENTATION_COMMENTS = YES;
				CLANG_WARN_EMPTY_BODY = YES;
				CLANG_WARN_ENUM_CONVERSION = YES;
				CLANG_WARN_INFINITE_RECURSION = YES;
				CLANG_WARN_INT_CONVERSION = YES;
				CLANG_WARN_NON_LITERAL_NULL_CONVERSION = YES;
				CLANG_WARN_OBJC_IMPLICIT_RETAIN_SELF = YES;
				CLANG_WARN_OBJC_LITERAL_CONVERSION = YES;
				CLANG_WARN_OBJC_ROOT_CLASS = YES_ERROR;
				CLANG_WARN_QUOTED_INCLUDE_IN_FRAMEWORK_HEADER = YES;
				CLANG_WARN_RANGE_LOOP_ANALYSIS = YES;
				CLANG_WARN_STRICT_PROTOTYPES = YES;
				CLANG_WARN_SUSPICIOUS_MOVE = YES;
				CLANG_WARN_UNGUARDED_AVAILABILITY = YES_AGGRESSIVE;
				CLANG_WARN_UNREACHABLE_CODE = YES;
				CLANG_WARN__DUPLICATE_METHOD_MATCH = YES;
				COPY_PHASE_STRIP = NO;
				DEBUG_INFORMATION_FORMAT = dwarf;
				ENABLE_STRICT_OBJC_MSGSEND = YES;
				ENABLE_TESTABILITY = YES;
				GCC_C_LANGUAGE_STANDARD = gnu11;
				GCC_DYNAMIC_NO_PIC = NO;
				GCC_NO_COMMON_BLOCKS = YES;
				GCC_OPTIMIZATION_LEVEL = 0;
				GCC_PREPROCESSOR_DEFINITIONS = (
					"DEBUG=1",
					"$(inherited)",
				);
				GCC_WARN_64_TO_32_BIT_CONVERSION = YES;
				GCC_WARN_ABOUT_RETURN_TYPE = YES_ERROR;
				GCC_WARN_UNDECLARED_SELECTOR = YES;
				GCC_WARN_UNINITIALIZED_AUTOS = YES_AGGRESSIVE;
				GCC_WARN_UNUSED_FUNCTION = YES;
				GCC_WARN_UNUSED_VARIABLE = YES;
				IPHONEOS_DEPLOYMENT_TARGET = 13.0;
				MTL_ENABLE_DEBUG_INFO = INCLUDE_SOURCE;
				MTL_FAST_MATH = YES;
				ONLY_ACTIVE_ARCH = YES;
				SDKROOT = iphoneos;
				SWIFT_ACTIVE_COMPILATION_CONDITIONS = DEBUG;
				SWIFT_OPTIMIZATION_LEVEL = "-Onone";
			};
			name = Debug;
		};
		304724E029BB36CB0092FBA8 /* Release */ = {
			isa = XCBuildConfiguration;
			buildSettings = {
				ALWAYS_SEARCH_USER_PATHS = NO;
				CLANG_ANALYZER_NONNULL = YES;
				CLANG_ANALYZER_NUMBER_OBJECT_CONVERSION = YES_AGGRESSIVE;
				CLANG_CXX_LANGUAGE_STANDARD = "gnu++20";
				CLANG_ENABLE_MODULES = YES;
				CLANG_ENABLE_OBJC_ARC = YES;
				CLANG_ENABLE_OBJC_WEAK = YES;
				CLANG_WARN_BLOCK_CAPTURE_AUTORELEASING = YES;
				CLANG_WARN_BOOL_CONVERSION = YES;
				CLANG_WARN_COMMA = YES;
				CLANG_WARN_CONSTANT_CONVERSION = YES;
				CLANG_WARN_DEPRECATED_OBJC_IMPLEMENTATIONS = YES;
				CLANG_WARN_DIRECT_OBJC_ISA_USAGE = YES_ERROR;
				CLANG_WARN_DOCUMENTATION_COMMENTS = YES;
				CLANG_WARN_EMPTY_BODY = YES;
				CLANG_WARN_ENUM_CONVERSION = YES;
				CLANG_WARN_INFINITE_RECURSION = YES;
				CLANG_WARN_INT_CONVERSION = YES;
				CLANG_WARN_NON_LITERAL_NULL_CONVERSION = YES;
				CLANG_WARN_OBJC_IMPLICIT_RETAIN_SELF = YES;
				CLANG_WARN_OBJC_LITERAL_CONVERSION = YES;
				CLANG_WARN_OBJC_ROOT_CLASS = YES_ERROR;
				CLANG_WARN_QUOTED_INCLUDE_IN_FRAMEWORK_HEADER = YES;
				CLANG_WARN_RANGE_LOOP_ANALYSIS = YES;
				CLANG_WARN_STRICT_PROTOTYPES = YES;
				CLANG_WARN_SUSPICIOUS_MOVE = YES;
				CLANG_WARN_UNGUARDED_AVAILABILITY = YES_AGGRESSIVE;
				CLANG_WARN_UNREACHABLE_CODE = YES;
				CLANG_WARN__DUPLICATE_METHOD_MATCH = YES;
				COPY_PHASE_STRIP = NO;
				DEBUG_INFORMATION_FORMAT = "dwarf-with-dsym";
				ENABLE_NS_ASSERTIONS = NO;
				ENABLE_STRICT_OBJC_MSGSEND = YES;
				GCC_C_LANGUAGE_STANDARD = gnu11;
				GCC_NO_COMMON_BLOCKS = YES;
				GCC_WARN_64_TO_32_BIT_CONVERSION = YES;
				GCC_WARN_ABOUT_RETURN_TYPE = YES_ERROR;
				GCC_WARN_UNDECLARED_SELECTOR = YES;
				GCC_WARN_UNINITIALIZED_AUTOS = YES_AGGRESSIVE;
				GCC_WARN_UNUSED_FUNCTION = YES;
				GCC_WARN_UNUSED_VARIABLE = YES;
				IPHONEOS_DEPLOYMENT_TARGET = 13.0;
				MTL_ENABLE_DEBUG_INFO = NO;
				MTL_FAST_MATH = YES;
				SDKROOT = iphoneos;
				SWIFT_COMPILATION_MODE = wholemodule;
				SWIFT_OPTIMIZATION_LEVEL = "-O";
				VALIDATE_PRODUCT = YES;
			};
			name = Release;
		};
		304724E229BB36CB0092FBA8 /* Debug */ = {
			isa = XCBuildConfiguration;
			buildSettings = {
				ASSETCATALOG_COMPILER_APPICON_NAME = AppIcon;
				ASSETCATALOG_COMPILER_GLOBAL_ACCENT_COLOR_NAME = AccentColor;
				CODE_SIGN_STYLE = Automatic;
				CURRENT_PROJECT_VERSION = 1;
				GENERATE_INFOPLIST_FILE = YES;
				INFOPLIST_FILE = "AI Girlfriend/Info.plist";
				INFOPLIST_KEY_UIApplicationSupportsIndirectInputEvents = YES;
				INFOPLIST_KEY_UILaunchStoryboardName = LaunchScreen;
				INFOPLIST_KEY_UIMainStoryboardFile = "";
				INFOPLIST_KEY_UISupportedInterfaceOrientations = UIInterfaceOrientationPortrait;
				INFOPLIST_KEY_UISupportedInterfaceOrientations_iPad = "UIInterfaceOrientationLandscapeLeft UIInterfaceOrientationLandscapeRight UIInterfaceOrientationPortrait UIInterfaceOrientationPortraitUpsideDown";
				IPHONEOS_DEPLOYMENT_TARGET = 13.0;
				LD_RUNPATH_SEARCH_PATHS = (
					"$(inherited)",
					"@executable_path/Frameworks",
				);
				MARKETING_VERSION = 1.0;
				PRODUCT_BUNDLE_IDENTIFIER = "com.jangwoojun.AI-Girlfriend";
				PRODUCT_NAME = "$(TARGET_NAME)";
				SUPPORTED_PLATFORMS = "iphoneos iphonesimulator";
				SUPPORTS_MACCATALYST = NO;
				SUPPORTS_MAC_DESIGNED_FOR_IPHONE_IPAD = NO;
				SWIFT_EMIT_LOC_STRINGS = YES;
				SWIFT_VERSION = 5.0;
				TARGETED_DEVICE_FAMILY = 1;
			};
			name = Debug;
		};
		304724E329BB36CB0092FBA8 /* Release */ = {
			isa = XCBuildConfiguration;
			buildSettings = {
				ASSETCATALOG_COMPILER_APPICON_NAME = AppIcon;
				ASSETCATALOG_COMPILER_GLOBAL_ACCENT_COLOR_NAME = AccentColor;
				CODE_SIGN_STYLE = Automatic;
				CURRENT_PROJECT_VERSION = 1;
				GENERATE_INFOPLIST_FILE = YES;
				INFOPLIST_FILE = "AI Girlfriend/Info.plist";
				INFOPLIST_KEY_UIApplicationSupportsIndirectInputEvents = YES;
				INFOPLIST_KEY_UILaunchStoryboardName = LaunchScreen;
				INFOPLIST_KEY_UIMainStoryboardFile = "";
				INFOPLIST_KEY_UISupportedInterfaceOrientations = UIInterfaceOrientationPortrait;
				INFOPLIST_KEY_UISupportedInterfaceOrientations_iPad = "UIInterfaceOrientationLandscapeLeft UIInterfaceOrientationLandscapeRight UIInterfaceOrientationPortrait UIInterfaceOrientationPortraitUpsideDown";
				IPHONEOS_DEPLOYMENT_TARGET = 13.0;
				LD_RUNPATH_SEARCH_PATHS = (
					"$(inherited)",
					"@executable_path/Frameworks",
				);
				MARKETING_VERSION = 1.0;
				PRODUCT_BUNDLE_IDENTIFIER = "com.jangwoojun.AI-Girlfriend";
				PRODUCT_NAME = "$(TARGET_NAME)";
				SUPPORTED_PLATFORMS = "iphoneos iphonesimulator";
				SUPPORTS_MACCATALYST = NO;
				SUPPORTS_MAC_DESIGNED_FOR_IPHONE_IPAD = NO;
				SWIFT_EMIT_LOC_STRINGS = YES;
				SWIFT_VERSION = 5.0;
				TARGETED_DEVICE_FAMILY = 1;
			};
			name = Release;
		};
/* End XCBuildConfiguration section */

/* Begin XCConfigurationList section */
		304724C829BB36CA0092FBA8 /* Build configuration list for PBXProject "AI Girlfriend" */ = {
			isa = XCConfigurationList;
			buildConfigurations = (
				304724DF29BB36CB0092FBA8 /* Debug */,
				304724E029BB36CB0092FBA8 /* Release */,
			);
			defaultConfigurationIsVisible = 0;
			defaultConfigurationName = Release;
		};
		304724E129BB36CB0092FBA8 /* Build configuration list for PBXNativeTarget "AI Girlfriend" */ = {
			isa = XCConfigurationList;
			buildConfigurations = (
				304724E229BB36CB0092FBA8 /* Debug */,
				304724E329BB36CB0092FBA8 /* Release */,
			);
			defaultConfigurationIsVisible = 0;
			defaultConfigurationName = Release;
		};
/* End XCConfigurationList section */
	};
	rootObject = 304724C529BB36CA0092FBA8 /* Project object */;
}
